// !$*UTF8*$!
{
	archiveVersion = 1;
	classes = {
	};
	objectVersion = 56;
	objects = {

/* Begin PBXBuildFile section */
		2E8F8DDC8F9B71DF4F7231C6 /* Pods_MVVMAPICallingTests.framework in Frameworks */ = {isa = PBXBuildFile; fileRef = DE4F1E398B4A666D59180D64 /* Pods_MVVMAPICallingTests.framework */; };
		3D69BF81FAF78B8A8B303124 /* Pods_MVVMAPICalling.framework in Frameworks */ = {isa = PBXBuildFile; fileRef = D5522A95A0CF87BEB70E9852 /* Pods_MVVMAPICalling.framework */; };
		48593584566420320AFA76D8 /* Pods_MVVMAPICalling_MVVMAPICallingUITests.framework in Frameworks */ = {isa = PBXBuildFile; fileRef = 86C22EF0ADCE8D154FB2BAEE /* Pods_MVVMAPICalling_MVVMAPICallingUITests.framework */; };
		BD11B9092C1CCEA5007B3FF2 /* AppDelegate.swift in Sources */ = {isa = PBXBuildFile; fileRef = BD11B9082C1CCEA5007B3FF2 /* AppDelegate.swift */; };
		BD11B90B2C1CCEA5007B3FF2 /* SceneDelegate.swift in Sources */ = {isa = PBXBuildFile; fileRef = BD11B90A2C1CCEA5007B3FF2 /* SceneDelegate.swift */; };
		BD11B90D2C1CCEA5007B3FF2 /* ViewController.swift in Sources */ = {isa = PBXBuildFile; fileRef = BD11B90C2C1CCEA5007B3FF2 /* ViewController.swift */; };
		BD11B9102C1CCEA5007B3FF2 /* Base in Resources */ = {isa = PBXBuildFile; fileRef = BD11B90F2C1CCEA5007B3FF2 /* Base */; };
		BD11B9122C1CCEA7007B3FF2 /* Assets.xcassets in Resources */ = {isa = PBXBuildFile; fileRef = BD11B9112C1CCEA7007B3FF2 /* Assets.xcassets */; };
		BD11B9152C1CCEA7007B3FF2 /* Base in Resources */ = {isa = PBXBuildFile; fileRef = BD11B9142C1CCEA7007B3FF2 /* Base */; };
		BD11B9202C1CCEA7007B3FF2 /* MVVMAPICallingTests.swift in Sources */ = {isa = PBXBuildFile; fileRef = BD11B91F2C1CCEA7007B3FF2 /* MVVMAPICallingTests.swift */; };
		BD11B92A2C1CCEA7007B3FF2 /* MVVMAPICallingUITests.swift in Sources */ = {isa = PBXBuildFile; fileRef = BD11B9292C1CCEA7007B3FF2 /* MVVMAPICallingUITests.swift */; };
		BD11B92C2C1CCEA7007B3FF2 /* MVVMAPICallingUITestsLaunchTests.swift in Sources */ = {isa = PBXBuildFile; fileRef = BD11B92B2C1CCEA7007B3FF2 /* MVVMAPICallingUITestsLaunchTests.swift */; };
		BDD77EBF2C1CED3A00B88EE4 /* TableViewCell.swift in Sources */ = {isa = PBXBuildFile; fileRef = BDD77EBC2C1CED3A00B88EE4 /* TableViewCell.swift */; };
		BDD77EC22C1CED6100B88EE4 /* Model.swift in Sources */ = {isa = PBXBuildFile; fileRef = BDD77EC12C1CED6100B88EE4 /* Model.swift */; };
		BDD77EC42C1CEF9D00B88EE4 /* QuoteViewModel.swift in Sources */ = {isa = PBXBuildFile; fileRef = BDD77EC32C1CEF9D00B88EE4 /* QuoteViewModel.swift */; };
		BDD77EC62C1CFC6B00B88EE4 /* GithubViewModel.swift in Sources */ = {isa = PBXBuildFile; fileRef = BDD77EC52C1CFC6B00B88EE4 /* GithubViewModel.swift */; };
		BDD77EC82C1CFFC400B88EE4 /* GithubTableViewCell.swift in Sources */ = {isa = PBXBuildFile; fileRef = BDD77EC72C1CFFC400B88EE4 /* GithubTableViewCell.swift */; };
		BDD77ECA2C1D00FE00B88EE4 /* GithubViewController.swift in Sources */ = {isa = PBXBuildFile; fileRef = BDD77EC92C1D00FE00B88EE4 /* GithubViewController.swift */; };
/* End PBXBuildFile section */

/* Begin PBXContainerItemProxy section */
		BD11B91C2C1CCEA7007B3FF2 /* PBXContainerItemProxy */ = {
			isa = PBXContainerItemProxy;
			containerPortal = BD11B8FD2C1CCEA5007B3FF2 /* Project object */;
			proxyType = 1;
			remoteGlobalIDString = BD11B9042C1CCEA5007B3FF2;
			remoteInfo = MVVMAPICalling;
		};
		BD11B9262C1CCEA7007B3FF2 /* PBXContainerItemProxy */ = {
			isa = PBXContainerItemProxy;
			containerPortal = BD11B8FD2C1CCEA5007B3FF2 /* Project object */;
			proxyType = 1;
			remoteGlobalIDString = BD11B9042C1CCEA5007B3FF2;
			remoteInfo = MVVMAPICalling;
		};
/* End PBXContainerItemProxy section */

/* Begin PBXFileReference section */
		15E1053CDD49B53BA71A272D /* Pods-MVVMAPICallingTests.release.xcconfig */ = {isa = PBXFileReference; includeInIndex = 1; lastKnownFileType = text.xcconfig; name = "Pods-MVVMAPICallingTests.release.xcconfig"; path = "Target Support Files/Pods-MVVMAPICallingTests/Pods-MVVMAPICallingTests.release.xcconfig"; sourceTree = "<group>"; };
		296BA3B59484012B60FEA151 /* Pods-MVVMAPICalling.debug.xcconfig */ = {isa = PBXFileReference; includeInIndex = 1; lastKnownFileType = text.xcconfig; name = "Pods-MVVMAPICalling.debug.xcconfig"; path = "Target Support Files/Pods-MVVMAPICalling/Pods-MVVMAPICalling.debug.xcconfig"; sourceTree = "<group>"; };
		34790EDD7899E58129381476 /* Pods-MVVMAPICallingTests.debug.xcconfig */ = {isa = PBXFileReference; includeInIndex = 1; lastKnownFileType = text.xcconfig; name = "Pods-MVVMAPICallingTests.debug.xcconfig"; path = "Target Support Files/Pods-MVVMAPICallingTests/Pods-MVVMAPICallingTests.debug.xcconfig"; sourceTree = "<group>"; };
		86C22EF0ADCE8D154FB2BAEE /* Pods_MVVMAPICalling_MVVMAPICallingUITests.framework */ = {isa = PBXFileReference; explicitFileType = wrapper.framework; includeInIndex = 0; path = Pods_MVVMAPICalling_MVVMAPICallingUITests.framework; sourceTree = BUILT_PRODUCTS_DIR; };
		9469F11024FC209F165C2BCD /* Pods-MVVMAPICalling-MVVMAPICallingUITests.debug.xcconfig */ = {isa = PBXFileReference; includeInIndex = 1; lastKnownFileType = text.xcconfig; name = "Pods-MVVMAPICalling-MVVMAPICallingUITests.debug.xcconfig"; path = "Target Support Files/Pods-MVVMAPICalling-MVVMAPICallingUITests/Pods-MVVMAPICalling-MVVMAPICallingUITests.debug.xcconfig"; sourceTree = "<group>"; };
		BD11B9052C1CCEA5007B3FF2 /* MVVMAPICalling.app */ = {isa = PBXFileReference; explicitFileType = wrapper.application; includeInIndex = 0; path = MVVMAPICalling.app; sourceTree = BUILT_PRODUCTS_DIR; };
		BD11B9082C1CCEA5007B3FF2 /* AppDelegate.swift */ = {isa = PBXFileReference; lastKnownFileType = sourcecode.swift; path = AppDelegate.swift; sourceTree = "<group>"; };
		BD11B90A2C1CCEA5007B3FF2 /* SceneDelegate.swift */ = {isa = PBXFileReference; lastKnownFileType = sourcecode.swift; path = SceneDelegate.swift; sourceTree = "<group>"; };
		BD11B90C2C1CCEA5007B3FF2 /* ViewController.swift */ = {isa = PBXFileReference; lastKnownFileType = sourcecode.swift; path = ViewController.swift; sourceTree = "<group>"; };
		BD11B90F2C1CCEA5007B3FF2 /* Base */ = {isa = PBXFileReference; lastKnownFileType = file.storyboard; name = Base; path = Base.lproj/Main.storyboard; sourceTree = "<group>"; };
		BD11B9112C1CCEA7007B3FF2 /* Assets.xcassets */ = {isa = PBXFileReference; lastKnownFileType = folder.assetcatalog; path = Assets.xcassets; sourceTree = "<group>"; };
		BD11B9142C1CCEA7007B3FF2 /* Base */ = {isa = PBXFileReference; lastKnownFileType = file.storyboard; name = Base; path = Base.lproj/LaunchScreen.storyboard; sourceTree = "<group>"; };
		BD11B9162C1CCEA7007B3FF2 /* Info.plist */ = {isa = PBXFileReference; lastKnownFileType = text.plist.xml; path = Info.plist; sourceTree = "<group>"; };
		BD11B91B2C1CCEA7007B3FF2 /* MVVMAPICallingTests.xctest */ = {isa = PBXFileReference; explicitFileType = wrapper.cfbundle; includeInIndex = 0; path = MVVMAPICallingTests.xctest; sourceTree = BUILT_PRODUCTS_DIR; };
		BD11B91F2C1CCEA7007B3FF2 /* MVVMAPICallingTests.swift */ = {isa = PBXFileReference; lastKnownFileType = sourcecode.swift; path = MVVMAPICallingTests.swift; sourceTree = "<group>"; };
		BD11B9252C1CCEA7007B3FF2 /* MVVMAPICallingUITests.xctest */ = {isa = PBXFileReference; explicitFileType = wrapper.cfbundle; includeInIndex = 0; path = MVVMAPICallingUITests.xctest; sourceTree = BUILT_PRODUCTS_DIR; };
		BD11B9292C1CCEA7007B3FF2 /* MVVMAPICallingUITests.swift */ = {isa = PBXFileReference; lastKnownFileType = sourcecode.swift; path = MVVMAPICallingUITests.swift; sourceTree = "<group>"; };
		BD11B92B2C1CCEA7007B3FF2 /* MVVMAPICallingUITestsLaunchTests.swift */ = {isa = PBXFileReference; lastKnownFileType = sourcecode.swift; path = MVVMAPICallingUITestsLaunchTests.swift; sourceTree = "<group>"; };
		BDD77EBC2C1CED3A00B88EE4 /* TableViewCell.swift */ = {isa = PBXFileReference; fileEncoding = 4; lastKnownFileType = sourcecode.swift; path = TableViewCell.swift; sourceTree = "<group>"; };
		BDD77EC12C1CED6100B88EE4 /* Model.swift */ = {isa = PBXFileReference; lastKnownFileType = sourcecode.swift; path = Model.swift; sourceTree = "<group>"; };
		BDD77EC32C1CEF9D00B88EE4 /* QuoteViewModel.swift */ = {isa = PBXFileReference; lastKnownFileType = sourcecode.swift; path = QuoteViewModel.swift; sourceTree = "<group>"; };
		BDD77EC52C1CFC6B00B88EE4 /* GithubViewModel.swift */ = {isa = PBXFileReference; lastKnownFileType = sourcecode.swift; path = GithubViewModel.swift; sourceTree = "<group>"; };
		BDD77EC72C1CFFC400B88EE4 /* GithubTableViewCell.swift */ = {isa = PBXFileReference; lastKnownFileType = sourcecode.swift; path = GithubTableViewCell.swift; sourceTree = "<group>"; };
		BDD77EC92C1D00FE00B88EE4 /* GithubViewController.swift */ = {isa = PBXFileReference; lastKnownFileType = sourcecode.swift; path = GithubViewController.swift; sourceTree = "<group>"; };
		CAEB20666C50C21F847B9B54 /* Pods-MVVMAPICalling.release.xcconfig */ = {isa = PBXFileReference; includeInIndex = 1; lastKnownFileType = text.xcconfig; name = "Pods-MVVMAPICalling.release.xcconfig"; path = "Target Support Files/Pods-MVVMAPICalling/Pods-MVVMAPICalling.release.xcconfig"; sourceTree = "<group>"; };
		D5522A95A0CF87BEB70E9852 /* Pods_MVVMAPICalling.framework */ = {isa = PBXFileReference; explicitFileType = wrapper.framework; includeInIndex = 0; path = Pods_MVVMAPICalling.framework; sourceTree = BUILT_PRODUCTS_DIR; };
		DE4F1E398B4A666D59180D64 /* Pods_MVVMAPICallingTests.framework */ = {isa = PBXFileReference; explicitFileType = wrapper.framework; includeInIndex = 0; path = Pods_MVVMAPICallingTests.framework; sourceTree = BUILT_PRODUCTS_DIR; };
		EBAB284318A43BF72012C38F /* Pods-MVVMAPICalling-MVVMAPICallingUITests.release.xcconfig */ = {isa = PBXFileReference; includeInIndex = 1; lastKnownFileType = text.xcconfig; name = "Pods-MVVMAPICalling-MVVMAPICallingUITests.release.xcconfig"; path = "Target Support Files/Pods-MVVMAPICalling-MVVMAPICallingUITests/Pods-MVVMAPICalling-MVVMAPICallingUITests.release.xcconfig"; sourceTree = "<group>"; };
/* End PBXFileReference section */

/* Begin PBXFrameworksBuildPhase section */
		BD11B9022C1CCEA5007B3FF2 /* Frameworks */ = {
			isa = PBXFrameworksBuildPhase;
			buildActionMask = 2147483647;
			files = (
				3D69BF81FAF78B8A8B303124 /* Pods_MVVMAPICalling.framework in Frameworks */,
			);
			runOnlyForDeploymentPostprocessing = 0;
		};
		BD11B9182C1CCEA7007B3FF2 /* Frameworks */ = {
			isa = PBXFrameworksBuildPhase;
			buildActionMask = 2147483647;
			files = (
				2E8F8DDC8F9B71DF4F7231C6 /* Pods_MVVMAPICallingTests.framework in Frameworks */,
			);
			runOnlyForDeploymentPostprocessing = 0;
		};
		BD11B9222C1CCEA7007B3FF2 /* Frameworks */ = {
			isa = PBXFrameworksBuildPhase;
			buildActionMask = 2147483647;
			files = (
				48593584566420320AFA76D8 /* Pods_MVVMAPICalling_MVVMAPICallingUITests.framework in Frameworks */,
			);
			runOnlyForDeploymentPostprocessing = 0;
		};
/* End PBXFrameworksBuildPhase section */

/* Begin PBXGroup section */
		4396599937B6CE0CE5595BF1 /* Pods */ = {
			isa = PBXGroup;
			children = (
				296BA3B59484012B60FEA151 /* Pods-MVVMAPICalling.debug.xcconfig */,
				CAEB20666C50C21F847B9B54 /* Pods-MVVMAPICalling.release.xcconfig */,
				9469F11024FC209F165C2BCD /* Pods-MVVMAPICalling-MVVMAPICallingUITests.debug.xcconfig */,
				EBAB284318A43BF72012C38F /* Pods-MVVMAPICalling-MVVMAPICallingUITests.release.xcconfig */,
				34790EDD7899E58129381476 /* Pods-MVVMAPICallingTests.debug.xcconfig */,
				15E1053CDD49B53BA71A272D /* Pods-MVVMAPICallingTests.release.xcconfig */,
			);
			path = Pods;
			sourceTree = "<group>";
		};
		BD11B8FC2C1CCEA5007B3FF2 = {
			isa = PBXGroup;
			children = (
				BD11B9072C1CCEA5007B3FF2 /* MVVMAPICalling */,
				BD11B91E2C1CCEA7007B3FF2 /* MVVMAPICallingTests */,
				BD11B9282C1CCEA7007B3FF2 /* MVVMAPICallingUITests */,
				BD11B9062C1CCEA5007B3FF2 /* Products */,
				4396599937B6CE0CE5595BF1 /* Pods */,
				D2B5911709FE25BAD9BA671F /* Frameworks */,
			);
			sourceTree = "<group>";
		};
		BD11B9062C1CCEA5007B3FF2 /* Products */ = {
			isa = PBXGroup;
			children = (
				BD11B9052C1CCEA5007B3FF2 /* MVVMAPICalling.app */,
				BD11B91B2C1CCEA7007B3FF2 /* MVVMAPICallingTests.xctest */,
				BD11B9252C1CCEA7007B3FF2 /* MVVMAPICallingUITests.xctest */,
			);
			name = Products;
			sourceTree = "<group>";
		};
		BD11B9072C1CCEA5007B3FF2 /* MVVMAPICalling */ = {
			isa = PBXGroup;
			children = (
				BD11B9382C1CD1C2007B3FF2 /* Delegate */,
				BDD77EC02C1CED5600B88EE4 /* Model */,
				BD11B93B2C1CD1E2007B3FF2 /* ViewModel */,
				BD11B93A2C1CD1DD007B3FF2 /* View */,
				BD11B9392C1CD1C8007B3FF2 /* Controller */,
				BD11B9112C1CCEA7007B3FF2 /* Assets.xcassets */,
				BD11B9162C1CCEA7007B3FF2 /* Info.plist */,
			);
			path = MVVMAPICalling;
			sourceTree = "<group>";
		};
		BD11B91E2C1CCEA7007B3FF2 /* MVVMAPICallingTests */ = {
			isa = PBXGroup;
			children = (
				BD11B91F2C1CCEA7007B3FF2 /* MVVMAPICallingTests.swift */,
			);
			path = MVVMAPICallingTests;
			sourceTree = "<group>";
		};
		BD11B9282C1CCEA7007B3FF2 /* MVVMAPICallingUITests */ = {
			isa = PBXGroup;
			children = (
				BD11B9292C1CCEA7007B3FF2 /* MVVMAPICallingUITests.swift */,
				BD11B92B2C1CCEA7007B3FF2 /* MVVMAPICallingUITestsLaunchTests.swift */,
			);
			path = MVVMAPICallingUITests;
			sourceTree = "<group>";
		};
		BD11B9382C1CD1C2007B3FF2 /* Delegate */ = {
			isa = PBXGroup;
			children = (
				BD11B9082C1CCEA5007B3FF2 /* AppDelegate.swift */,
				BD11B90A2C1CCEA5007B3FF2 /* SceneDelegate.swift */,
			);
			path = Delegate;
			sourceTree = "<group>";
		};
		BD11B9392C1CD1C8007B3FF2 /* Controller */ = {
			isa = PBXGroup;
			children = (
				BD11B90C2C1CCEA5007B3FF2 /* ViewController.swift */,
				BDD77EC92C1D00FE00B88EE4 /* GithubViewController.swift */,
			);
			path = Controller;
			sourceTree = "<group>";
		};
		BD11B93A2C1CD1DD007B3FF2 /* View */ = {
			isa = PBXGroup;
			children = (
				BDD77EBD2C1CED3A00B88EE4 /* Cell */,
				BD11B90E2C1CCEA5007B3FF2 /* Main.storyboard */,
				BD11B9132C1CCEA7007B3FF2 /* LaunchScreen.storyboard */,
			);
			path = View;
			sourceTree = "<group>";
		};
		BD11B93B2C1CD1E2007B3FF2 /* ViewModel */ = {
			isa = PBXGroup;
			children = (
				BDD77EC32C1CEF9D00B88EE4 /* QuoteViewModel.swift */,
				BDD77EC52C1CFC6B00B88EE4 /* GithubViewModel.swift */,
			);
			path = ViewModel;
			sourceTree = "<group>";
		};
		BDD77EBD2C1CED3A00B88EE4 /* Cell */ = {
			isa = PBXGroup;
			children = (
				BDD77EBC2C1CED3A00B88EE4 /* TableViewCell.swift */,
				BDD77EC72C1CFFC400B88EE4 /* GithubTableViewCell.swift */,
			);
			path = Cell;
			sourceTree = "<group>";
		};
		BDD77EC02C1CED5600B88EE4 /* Model */ = {
			isa = PBXGroup;
			children = (
				BDD77EC12C1CED6100B88EE4 /* Model.swift */,
			);
			path = Model;
			sourceTree = "<group>";
		};
		D2B5911709FE25BAD9BA671F /* Frameworks */ = {
			isa = PBXGroup;
			children = (
				D5522A95A0CF87BEB70E9852 /* Pods_MVVMAPICalling.framework */,
				86C22EF0ADCE8D154FB2BAEE /* Pods_MVVMAPICalling_MVVMAPICallingUITests.framework */,
				DE4F1E398B4A666D59180D64 /* Pods_MVVMAPICallingTests.framework */,
			);
			name = Frameworks;
			sourceTree = "<group>";
		};
/* End PBXGroup section */

/* Begin PBXNativeTarget section */
		BD11B9042C1CCEA5007B3FF2 /* MVVMAPICalling */ = {
			isa = PBXNativeTarget;
			buildConfigurationList = BD11B92F2C1CCEA7007B3FF2 /* Build configuration list for PBXNativeTarget "MVVMAPICalling" */;
			buildPhases = (
				AEAA7B50F799F4D74991AF70 /* [CP] Check Pods Manifest.lock */,
				BD11B9012C1CCEA5007B3FF2 /* Sources */,
				BD11B9022C1CCEA5007B3FF2 /* Frameworks */,
				BD11B9032C1CCEA5007B3FF2 /* Resources */,
				492772A232753B26A955B440 /* [CP] Embed Pods Frameworks */,
			);
			buildRules = (
			);
			dependencies = (
			);
			name = MVVMAPICalling;
			productName = MVVMAPICalling;
			productReference = BD11B9052C1CCEA5007B3FF2 /* MVVMAPICalling.app */;
			productType = "com.apple.product-type.application";
		};
		BD11B91A2C1CCEA7007B3FF2 /* MVVMAPICallingTests */ = {
			isa = PBXNativeTarget;
			buildConfigurationList = BD11B9322C1CCEA7007B3FF2 /* Build configuration list for PBXNativeTarget "MVVMAPICallingTests" */;
			buildPhases = (
				8D9F533B6D824881145FA7CA /* [CP] Check Pods Manifest.lock */,
				BD11B9172C1CCEA7007B3FF2 /* Sources */,
				BD11B9182C1CCEA7007B3FF2 /* Frameworks */,
				BD11B9192C1CCEA7007B3FF2 /* Resources */,
			);
			buildRules = (
			);
			dependencies = (
				BD11B91D2C1CCEA7007B3FF2 /* PBXTargetDependency */,
			);
			name = MVVMAPICallingTests;
			productName = MVVMAPICallingTests;
			productReference = BD11B91B2C1CCEA7007B3FF2 /* MVVMAPICallingTests.xctest */;
			productType = "com.apple.product-type.bundle.unit-test";
		};
		BD11B9242C1CCEA7007B3FF2 /* MVVMAPICallingUITests */ = {
			isa = PBXNativeTarget;
			buildConfigurationList = BD11B9352C1CCEA7007B3FF2 /* Build configuration list for PBXNativeTarget "MVVMAPICallingUITests" */;
			buildPhases = (
				F344A3B200D910DCB9D41461 /* [CP] Check Pods Manifest.lock */,
				BD11B9212C1CCEA7007B3FF2 /* Sources */,
				BD11B9222C1CCEA7007B3FF2 /* Frameworks */,
				BD11B9232C1CCEA7007B3FF2 /* Resources */,
				4A6B134DBABE1BA226DDAA74 /* [CP] Embed Pods Frameworks */,
			);
			buildRules = (
			);
			dependencies = (
				BD11B9272C1CCEA7007B3FF2 /* PBXTargetDependency */,
			);
			name = MVVMAPICallingUITests;
			productName = MVVMAPICallingUITests;
			productReference = BD11B9252C1CCEA7007B3FF2 /* MVVMAPICallingUITests.xctest */;
			productType = "com.apple.product-type.bundle.ui-testing";
		};
/* End PBXNativeTarget section */

/* Begin PBXProject section */
		BD11B8FD2C1CCEA5007B3FF2 /* Project object */ = {
			isa = PBXProject;
			attributes = {
				BuildIndependentTargetsInParallel = 1;
				LastSwiftUpdateCheck = 1530;
				LastUpgradeCheck = 1530;
				TargetAttributes = {
					BD11B9042C1CCEA5007B3FF2 = {
						CreatedOnToolsVersion = 15.3;
					};
					BD11B91A2C1CCEA7007B3FF2 = {
						CreatedOnToolsVersion = 15.3;
						TestTargetID = BD11B9042C1CCEA5007B3FF2;
					};
					BD11B9242C1CCEA7007B3FF2 = {
						CreatedOnToolsVersion = 15.3;
						TestTargetID = BD11B9042C1CCEA5007B3FF2;
					};
				};
			};
			buildConfigurationList = BD11B9002C1CCEA5007B3FF2 /* Build configuration list for PBXProject "MVVMAPICalling" */;
			compatibilityVersion = "Xcode 14.0";
			developmentRegion = en;
			hasScannedForEncodings = 0;
			knownRegions = (
				en,
				Base,
			);
			mainGroup = BD11B8FC2C1CCEA5007B3FF2;
			productRefGroup = BD11B9062C1CCEA5007B3FF2 /* Products */;
			projectDirPath = "";
			projectRoot = "";
			targets = (
				BD11B9042C1CCEA5007B3FF2 /* MVVMAPICalling */,
				BD11B91A2C1CCEA7007B3FF2 /* MVVMAPICallingTests */,
				BD11B9242C1CCEA7007B3FF2 /* MVVMAPICallingUITests */,
			);
		};
/* End PBXProject section */

/* Begin PBXResourcesBuildPhase section */
		BD11B9032C1CCEA5007B3FF2 /* Resources */ = {
			isa = PBXResourcesBuildPhase;
			buildActionMask = 2147483647;
			files = (
				BD11B9122C1CCEA7007B3FF2 /* Assets.xcassets in Resources */,
				BD11B9152C1CCEA7007B3FF2 /* Base in Resources */,
				BD11B9102C1CCEA5007B3FF2 /* Base in Resources */,
			);
			runOnlyForDeploymentPostprocessing = 0;
		};
		BD11B9192C1CCEA7007B3FF2 /* Resources */ = {
			isa = PBXResourcesBuildPhase;
			buildActionMask = 2147483647;
			files = (
			);
			runOnlyForDeploymentPostprocessing = 0;
		};
		BD11B9232C1CCEA7007B3FF2 /* Resources */ = {
			isa = PBXResourcesBuildPhase;
			buildActionMask = 2147483647;
			files = (
			);
			runOnlyForDeploymentPostprocessing = 0;
		};
/* End PBXResourcesBuildPhase section */

/* Begin PBXShellScriptBuildPhase section */
		492772A232753B26A955B440 /* [CP] Embed Pods Frameworks */ = {
			isa = PBXShellScriptBuildPhase;
			buildActionMask = 2147483647;
			files = (
			);
			inputFileListPaths = (
				"${PODS_ROOT}/Target Support Files/Pods-MVVMAPICalling/Pods-MVVMAPICalling-frameworks-${CONFIGURATION}-input-files.xcfilelist",
			);
			name = "[CP] Embed Pods Frameworks";
			outputFileListPaths = (
				"${PODS_ROOT}/Target Support Files/Pods-MVVMAPICalling/Pods-MVVMAPICalling-frameworks-${CONFIGURATION}-output-files.xcfilelist",
			);
			runOnlyForDeploymentPostprocessing = 0;
			shellPath = /bin/sh;
			shellScript = "\"${PODS_ROOT}/Target Support Files/Pods-MVVMAPICalling/Pods-MVVMAPICalling-frameworks.sh\"\n";
			showEnvVarsInLog = 0;
		};
		4A6B134DBABE1BA226DDAA74 /* [CP] Embed Pods Frameworks */ = {
			isa = PBXShellScriptBuildPhase;
			buildActionMask = 2147483647;
			files = (
			);
			inputFileListPaths = (
				"${PODS_ROOT}/Target Support Files/Pods-MVVMAPICalling-MVVMAPICallingUITests/Pods-MVVMAPICalling-MVVMAPICallingUITests-frameworks-${CONFIGURATION}-input-files.xcfilelist",
			);
			name = "[CP] Embed Pods Frameworks";
			outputFileListPaths = (
				"${PODS_ROOT}/Target Support Files/Pods-MVVMAPICalling-MVVMAPICallingUITests/Pods-MVVMAPICalling-MVVMAPICallingUITests-frameworks-${CONFIGURATION}-output-files.xcfilelist",
			);
			runOnlyForDeploymentPostprocessing = 0;
			shellPath = /bin/sh;
			shellScript = "\"${PODS_ROOT}/Target Support Files/Pods-MVVMAPICalling-MVVMAPICallingUITests/Pods-MVVMAPICalling-MVVMAPICallingUITests-frameworks.sh\"\n";
			showEnvVarsInLog = 0;
		};
		8D9F533B6D824881145FA7CA /* [CP] Check Pods Manifest.lock */ = {
			isa = PBXShellScriptBuildPhase;
			buildActionMask = 2147483647;
			files = (
			);
			inputFileListPaths = (
			);
			inputPaths = (
				"${PODS_PODFILE_DIR_PATH}/Podfile.lock",
				"${PODS_ROOT}/Manifest.lock",
			);
			name = "[CP] Check Pods Manifest.lock";
			outputFileListPaths = (
			);
			outputPaths = (
				"$(DERIVED_FILE_DIR)/Pods-MVVMAPICallingTests-checkManifestLockResult.txt",
			);
			runOnlyForDeploymentPostprocessing = 0;
			shellPath = /bin/sh;
			shellScript = "diff \"${PODS_PODFILE_DIR_PATH}/Podfile.lock\" \"${PODS_ROOT}/Manifest.lock\" > /dev/null\nif [ $? != 0 ] ; then\n    # print error to STDERR\n    echo \"error: The sandbox is not in sync with the Podfile.lock. Run 'pod install' or update your CocoaPods installation.\" >&2\n    exit 1\nfi\n# This output is used by Xcode 'outputs' to avoid re-running this script phase.\necho \"SUCCESS\" > \"${SCRIPT_OUTPUT_FILE_0}\"\n";
			showEnvVarsInLog = 0;
		};
		AEAA7B50F799F4D74991AF70 /* [CP] Check Pods Manifest.lock */ = {
			isa = PBXShellScriptBuildPhase;
			buildActionMask = 2147483647;
			files = (
			);
			inputFileListPaths = (
			);
			inputPaths = (
				"${PODS_PODFILE_DIR_PATH}/Podfile.lock",
				"${PODS_ROOT}/Manifest.lock",
			);
			name = "[CP] Check Pods Manifest.lock";
			outputFileListPaths = (
			);
			outputPaths = (
				"$(DERIVED_FILE_DIR)/Pods-MVVMAPICalling-checkManifestLockResult.txt",
			);
			runOnlyForDeploymentPostprocessing = 0;
			shellPath = /bin/sh;
			shellScript = "diff \"${PODS_PODFILE_DIR_PATH}/Podfile.lock\" \"${PODS_ROOT}/Manifest.lock\" > /dev/null\nif [ $? != 0 ] ; then\n    # print error to STDERR\n    echo \"error: The sandbox is not in sync with the Podfile.lock. Run 'pod install' or update your CocoaPods installation.\" >&2\n    exit 1\nfi\n# This output is used by Xcode 'outputs' to avoid re-running this script phase.\necho \"SUCCESS\" > \"${SCRIPT_OUTPUT_FILE_0}\"\n";
			showEnvVarsInLog = 0;
		};
		F344A3B200D910DCB9D41461 /* [CP] Check Pods Manifest.lock */ = {
			isa = PBXShellScriptBuildPhase;
			buildActionMask = 2147483647;
			files = (
			);
			inputFileListPaths = (
			);
			inputPaths = (
				"${PODS_PODFILE_DIR_PATH}/Podfile.lock",
				"${PODS_ROOT}/Manifest.lock",
			);
			name = "[CP] Check Pods Manifest.lock";
			outputFileListPaths = (
			);
			outputPaths = (
				"$(DERIVED_FILE_DIR)/Pods-MVVMAPICalling-MVVMAPICallingUITests-checkManifestLockResult.txt",
			);
			runOnlyForDeploymentPostprocessing = 0;
			shellPath = /bin/sh;
			shellScript = "diff \"${PODS_PODFILE_DIR_PATH}/Podfile.lock\" \"${PODS_ROOT}/Manifest.lock\" > /dev/null\nif [ $? != 0 ] ; then\n    # print error to STDERR\n    echo \"error: The sandbox is not in sync with the Podfile.lock. Run 'pod install' or update your CocoaPods installation.\" >&2\n    exit 1\nfi\n# This output is used by Xcode 'outputs' to avoid re-running this script phase.\necho \"SUCCESS\" > \"${SCRIPT_OUTPUT_FILE_0}\"\n";
			showEnvVarsInLog = 0;
		};
/* End PBXShellScriptBuildPhase section */

/* Begin PBXSourcesBuildPhase section */
		BD11B9012C1CCEA5007B3FF2 /* Sources */ = {
			isa = PBXSourcesBuildPhase;
			buildActionMask = 2147483647;
			files = (
				BDD77EC22C1CED6100B88EE4 /* Model.swift in Sources */,
				BDD77EBF2C1CED3A00B88EE4 /* TableViewCell.swift in Sources */,
				BDD77EC82C1CFFC400B88EE4 /* GithubTableViewCell.swift in Sources */,
				BDD77EC62C1CFC6B00B88EE4 /* GithubViewModel.swift in Sources */,
				BD11B90D2C1CCEA5007B3FF2 /* ViewController.swift in Sources */,
				BD11B9092C1CCEA5007B3FF2 /* AppDelegate.swift in Sources */,
				BDD77ECA2C1D00FE00B88EE4 /* GithubViewController.swift in Sources */,
				BDD77EC42C1CEF9D00B88EE4 /* QuoteViewModel.swift in Sources */,
				BD11B90B2C1CCEA5007B3FF2 /* SceneDelegate.swift in Sources */,
			);
			runOnlyForDeploymentPostprocessing = 0;
		};
		BD11B9172C1CCEA7007B3FF2 /* Sources */ = {
			isa = PBXSourcesBuildPhase;
			buildActionMask = 2147483647;
			files = (
				BD11B9202C1CCEA7007B3FF2 /* MVVMAPICallingTests.swift in Sources */,
			);
			runOnlyForDeploymentPostprocessing = 0;
		};
		BD11B9212C1CCEA7007B3FF2 /* Sources */ = {
			isa = PBXSourcesBuildPhase;
			buildActionMask = 2147483647;
			files = (
				BD11B92C2C1CCEA7007B3FF2 /* MVVMAPICallingUITestsLaunchTests.swift in Sources */,
				BD11B92A2C1CCEA7007B3FF2 /* MVVMAPICallingUITests.swift in Sources */,
			);
			runOnlyForDeploymentPostprocessing = 0;
		};
/* End PBXSourcesBuildPhase section */

/* Begin PBXTargetDependency section */
		BD11B91D2C1CCEA7007B3FF2 /* PBXTargetDependency */ = {
			isa = PBXTargetDependency;
			target = BD11B9042C1CCEA5007B3FF2 /* MVVMAPICalling */;
			targetProxy = BD11B91C2C1CCEA7007B3FF2 /* PBXContainerItemProxy */;
		};
		BD11B9272C1CCEA7007B3FF2 /* PBXTargetDependency */ = {
			isa = PBXTargetDependency;
			target = BD11B9042C1CCEA5007B3FF2 /* MVVMAPICalling */;
			targetProxy = BD11B9262C1CCEA7007B3FF2 /* PBXContainerItemProxy */;
		};
/* End PBXTargetDependency section */

/* Begin PBXVariantGroup section */
		BD11B90E2C1CCEA5007B3FF2 /* Main.storyboard */ = {
			isa = PBXVariantGroup;
			children = (
				BD11B90F2C1CCEA5007B3FF2 /* Base */,
			);
			name = Main.storyboard;
			sourceTree = "<group>";
		};
		BD11B9132C1CCEA7007B3FF2 /* LaunchScreen.storyboard */ = {
			isa = PBXVariantGroup;
			children = (
				BD11B9142C1CCEA7007B3FF2 /* Base */,
			);
			name = LaunchScreen.storyboard;
			sourceTree = "<group>";
		};
/* End PBXVariantGroup section */

/* Begin XCBuildConfiguration section */
		BD11B92D2C1CCEA7007B3FF2 /* Debug */ = {
			isa = XCBuildConfiguration;
			buildSettings = {
				ALWAYS_SEARCH_USER_PATHS = NO;
				ASSETCATALOG_COMPILER_GENERATE_SWIFT_ASSET_SYMBOL_EXTENSIONS = YES;
				CLANG_ANALYZER_NONNULL = YES;
				CLANG_ANALYZER_NUMBER_OBJECT_CONVERSION = YES_AGGRESSIVE;
				CLANG_CXX_LANGUAGE_STANDARD = "gnu++20";
				CLANG_ENABLE_MODULES = YES;
				CLANG_ENABLE_OBJC_ARC = YES;
				CLANG_ENABLE_OBJC_WEAK = YES;
				CLANG_WARN_BLOCK_CAPTURE_AUTORELEASING = YES;
				CLANG_WARN_BOOL_CONVERSION = YES;
				CLANG_WARN_COMMA = YES;
				CLANG_WARN_CONSTANT_CONVERSION = YES;
				CLANG_WARN_DEPRECATED_OBJC_IMPLEMENTATIONS = YES;
				CLANG_WARN_DIRECT_OBJC_ISA_USAGE = YES_ERROR;
				CLANG_WARN_DOCUMENTATION_COMMENTS = YES;
				CLANG_WARN_EMPTY_BODY = YES;
				CLANG_WARN_ENUM_CONVERSION = YES;
				CLANG_WARN_INFINITE_RECURSION = YES;
				CLANG_WARN_INT_CONVERSION = YES;
				CLANG_WARN_NON_LITERAL_NULL_CONVERSION = YES;
				CLANG_WARN_OBJC_IMPLICIT_RETAIN_SELF = YES;
				CLANG_WARN_OBJC_LITERAL_CONVERSION = YES;
				CLANG_WARN_OBJC_ROOT_CLASS = YES_ERROR;
				CLANG_WARN_QUOTED_INCLUDE_IN_FRAMEWORK_HEADER = YES;
				CLANG_WARN_RANGE_LOOP_ANALYSIS = YES;
				CLANG_WARN_STRICT_PROTOTYPES = YES;
				CLANG_WARN_SUSPICIOUS_MOVE = YES;
				CLANG_WARN_UNGUARDED_AVAILABILITY = YES_AGGRESSIVE;
				CLANG_WARN_UNREACHABLE_CODE = YES;
				CLANG_WARN__DUPLICATE_METHOD_MATCH = YES;
				COPY_PHASE_STRIP = NO;
				DEBUG_INFORMATION_FORMAT = dwarf;
				ENABLE_STRICT_OBJC_MSGSEND = YES;
				ENABLE_TESTABILITY = YES;
				ENABLE_USER_SCRIPT_SANDBOXING = YES;
				GCC_C_LANGUAGE_STANDARD = gnu17;
				GCC_DYNAMIC_NO_PIC = NO;
				GCC_NO_COMMON_BLOCKS = YES;
				GCC_OPTIMIZATION_LEVEL = 0;
				GCC_PREPROCESSOR_DEFINITIONS = (
					"DEBUG=1",
					"$(inherited)",
				);
				GCC_WARN_64_TO_32_BIT_CONVERSION = YES;
				GCC_WARN_ABOUT_RETURN_TYPE = YES_ERROR;
				GCC_WARN_UNDECLARED_SELECTOR = YES;
				GCC_WARN_UNINITIALIZED_AUTOS = YES_AGGRESSIVE;
				GCC_WARN_UNUSED_FUNCTION = YES;
				GCC_WARN_UNUSED_VARIABLE = YES;
				IPHONEOS_DEPLOYMENT_TARGET = 17.4;
				LOCALIZATION_PREFERS_STRING_CATALOGS = YES;
				MTL_ENABLE_DEBUG_INFO = INCLUDE_SOURCE;
				MTL_FAST_MATH = YES;
				ONLY_ACTIVE_ARCH = YES;
				SDKROOT = iphoneos;
				SWIFT_ACTIVE_COMPILATION_CONDITIONS = "DEBUG $(inherited)";
				SWIFT_OPTIMIZATION_LEVEL = "-Onone";
			};
			name = Debug;
		};
		BD11B92E2C1CCEA7007B3FF2 /* Release */ = {
			isa = XCBuildConfiguration;
			buildSettings = {
				ALWAYS_SEARCH_USER_PATHS = NO;
				ASSETCATALOG_COMPILER_GENERATE_SWIFT_ASSET_SYMBOL_EXTENSIONS = YES;
				CLANG_ANALYZER_NONNULL = YES;
				CLANG_ANALYZER_NUMBER_OBJECT_CONVERSION = YES_AGGRESSIVE;
				CLANG_CXX_LANGUAGE_STANDARD = "gnu++20";
				CLANG_ENABLE_MODULES = YES;
				CLANG_ENABLE_OBJC_ARC = YES;
				CLANG_ENABLE_OBJC_WEAK = YES;
				CLANG_WARN_BLOCK_CAPTURE_AUTORELEASING = YES;
				CLANG_WARN_BOOL_CONVERSION = YES;
				CLANG_WARN_COMMA = YES;
				CLANG_WARN_CONSTANT_CONVERSION = YES;
				CLANG_WARN_DEPRECATED_OBJC_IMPLEMENTATIONS = YES;
				CLANG_WARN_DIRECT_OBJC_ISA_USAGE = YES_ERROR;
				CLANG_WARN_DOCUMENTATION_COMMENTS = YES;
				CLANG_WARN_EMPTY_BODY = YES;
				CLANG_WARN_ENUM_CONVERSION = YES;
				CLANG_WARN_INFINITE_RECURSION = YES;
				CLANG_WARN_INT_CONVERSION = YES;
				CLANG_WARN_NON_LITERAL_NULL_CONVERSION = YES;
				CLANG_WARN_OBJC_IMPLICIT_RETAIN_SELF = YES;
				CLANG_WARN_OBJC_LITERAL_CONVERSION = YES;
				CLANG_WARN_OBJC_ROOT_CLASS = YES_ERROR;
				CLANG_WARN_QUOTED_INCLUDE_IN_FRAMEWORK_HEADER = YES;
				CLANG_WARN_RANGE_LOOP_ANALYSIS = YES;
				CLANG_WARN_STRICT_PROTOTYPES = YES;
				CLANG_WARN_SUSPICIOUS_MOVE = YES;
				CLANG_WARN_UNGUARDED_AVAILABILITY = YES_AGGRESSIVE;
				CLANG_WARN_UNREACHABLE_CODE = YES;
				CLANG_WARN__DUPLICATE_METHOD_MATCH = YES;
				COPY_PHASE_STRIP = NO;
				DEBUG_INFORMATION_FORMAT = "dwarf-with-dsym";
				ENABLE_NS_ASSERTIONS = NO;
				ENABLE_STRICT_OBJC_MSGSEND = YES;
				ENABLE_USER_SCRIPT_SANDBOXING = YES;
				GCC_C_LANGUAGE_STANDARD = gnu17;
				GCC_NO_COMMON_BLOCKS = YES;
				GCC_WARN_64_TO_32_BIT_CONVERSION = YES;
				GCC_WARN_ABOUT_RETURN_TYPE = YES_ERROR;
				GCC_WARN_UNDECLARED_SELECTOR = YES;
				GCC_WARN_UNINITIALIZED_AUTOS = YES_AGGRESSIVE;
				GCC_WARN_UNUSED_FUNCTION = YES;
				GCC_WARN_UNUSED_VARIABLE = YES;
				IPHONEOS_DEPLOYMENT_TARGET = 17.4;
				LOCALIZATION_PREFERS_STRING_CATALOGS = YES;
				MTL_ENABLE_DEBUG_INFO = NO;
				MTL_FAST_MATH = YES;
				SDKROOT = iphoneos;
				SWIFT_COMPILATION_MODE = wholemodule;
				VALIDATE_PRODUCT = YES;
			};
			name = Release;
		};
		BD11B9302C1CCEA7007B3FF2 /* Debug */ = {
			isa = XCBuildConfiguration;
			baseConfigurationReference = 296BA3B59484012B60FEA151 /* Pods-MVVMAPICalling.debug.xcconfig */;
			buildSettings = {
				ASSETCATALOG_COMPILER_APPICON_NAME = AppIcon;
				ASSETCATALOG_COMPILER_GLOBAL_ACCENT_COLOR_NAME = AccentColor;
				CODE_SIGN_STYLE = Automatic;
				CURRENT_PROJECT_VERSION = 1;
				ENABLE_USER_SCRIPT_SANDBOXING = NO;
				GENERATE_INFOPLIST_FILE = YES;
				INFOPLIST_FILE = MVVMAPICalling/Info.plist;
				INFOPLIST_KEY_UIApplicationSupportsIndirectInputEvents = YES;
				INFOPLIST_KEY_UILaunchStoryboardName = LaunchScreen;
				INFOPLIST_KEY_UIMainStoryboardFile = Main;
				INFOPLIST_KEY_UISupportedInterfaceOrientations_iPad = "UIInterfaceOrientationPortrait UIInterfaceOrientationPortraitUpsideDown UIInterfaceOrientationLandscapeLeft UIInterfaceOrientationLandscapeRight";
				INFOPLIST_KEY_UISupportedInterfaceOrientations_iPhone = "UIInterfaceOrientationPortrait UIInterfaceOrientationLandscapeLeft UIInterfaceOrientationLandscapeRight";
				LD_RUNPATH_SEARCH_PATHS = (
					"$(inherited)",
					"@executable_path/Frameworks",
				);
				MARKETING_VERSION = 1.0;
				PRODUCT_BUNDLE_IDENTIFIER = com.plexustechnology.MVVMAPICalling;
				PRODUCT_NAME = "$(TARGET_NAME)";
				SWIFT_EMIT_LOC_STRINGS = YES;
				SWIFT_VERSION = 5.0;
				TARGETED_DEVICE_FAMILY = "1,2";
			};
			name = Debug;
		};
		BD11B9312C1CCEA7007B3FF2 /* Release */ = {
			isa = XCBuildConfiguration;
			baseConfigurationReference = CAEB20666C50C21F847B9B54 /* Pods-MVVMAPICalling.release.xcconfig */;
			buildSettings = {
				ASSETCATALOG_COMPILER_APPICON_NAME = AppIcon;
				ASSETCATALOG_COMPILER_GLOBAL_ACCENT_COLOR_NAME = AccentColor;
				CODE_SIGN_STYLE = Automatic;
				CURRENT_PROJECT_VERSION = 1;
				ENABLE_USER_SCRIPT_SANDBOXING = NO;
				GENERATE_INFOPLIST_FILE = YES;
				INFOPLIST_FILE = MVVMAPICalling/Info.plist;
				INFOPLIST_KEY_UIApplicationSupportsIndirectInputEvents = YES;
				INFOPLIST_KEY_UILaunchStoryboardName = LaunchScreen;
				INFOPLIST_KEY_UIMainStoryboardFile = Main;
				INFOPLIST_KEY_UISupportedInterfaceOrientations_iPad = "UIInterfaceOrientationPortrait UIInterfaceOrientationPortraitUpsideDown UIInterfaceOrientationLandscapeLeft UIInterfaceOrientationLandscapeRight";
				INFOPLIST_KEY_UISupportedInterfaceOrientations_iPhone = "UIInterfaceOrientationPortrait UIInterfaceOrientationLandscapeLeft UIInterfaceOrientationLandscapeRight";
				LD_RUNPATH_SEARCH_PATHS = (
					"$(inherited)",
					"@executable_path/Frameworks",
				);
				MARKETING_VERSION = 1.0;
				PRODUCT_BUNDLE_IDENTIFIER = com.plexustechnology.MVVMAPICalling;
				PRODUCT_NAME = "$(TARGET_NAME)";
				SWIFT_EMIT_LOC_STRINGS = YES;
				SWIFT_VERSION = 5.0;
				TARGETED_DEVICE_FAMILY = "1,2";
			};
			name = Release;
		};
		BD11B9332C1CCEA7007B3FF2 /* Debug */ = {
			isa = XCBuildConfiguration;
			baseConfigurationReference = 34790EDD7899E58129381476 /* Pods-MVVMAPICallingTests.debug.xcconfig */;
			buildSettings = {
				ALWAYS_EMBED_SWIFT_STANDARD_LIBRARIES = YES;
				BUNDLE_LOADER = "$(TEST_HOST)";
				CODE_SIGN_STYLE = Automatic;
				CURRENT_PROJECT_VERSION = 1;
				GENERATE_INFOPLIST_FILE = YES;
				IPHONEOS_DEPLOYMENT_TARGET = 17.4;
				MARKETING_VERSION = 1.0;
				PRODUCT_BUNDLE_IDENTIFIER = com.plexustechnology.MVVMAPICallingTests;
				PRODUCT_NAME = "$(TARGET_NAME)";
				SWIFT_EMIT_LOC_STRINGS = NO;
				SWIFT_VERSION = 5.0;
				TARGETED_DEVICE_FAMILY = "1,2";
				TEST_HOST = "$(BUILT_PRODUCTS_DIR)/MVVMAPICalling.app/$(BUNDLE_EXECUTABLE_FOLDER_PATH)/MVVMAPICalling";
			};
			name = Debug;
		};
		BD11B9342C1CCEA7007B3FF2 /* Release */ = {
			isa = XCBuildConfiguration;
			baseConfigurationReference = 15E1053CDD49B53BA71A272D /* Pods-MVVMAPICallingTests.release.xcconfig */;
			buildSettings = {
				ALWAYS_EMBED_SWIFT_STANDARD_LIBRARIES = YES;
				BUNDLE_LOADER = "$(TEST_HOST)";
				CODE_SIGN_STYLE = Automatic;
				CURRENT_PROJECT_VERSION = 1;
				GENERATE_INFOPLIST_FILE = YES;
				IPHONEOS_DEPLOYMENT_TARGET = 17.4;
				MARKETING_VERSION = 1.0;
				PRODUCT_BUNDLE_IDENTIFIER = com.plexustechnology.MVVMAPICallingTests;
				PRODUCT_NAME = "$(TARGET_NAME)";
				SWIFT_EMIT_LOC_STRINGS = NO;
				SWIFT_VERSION = 5.0;
				TARGETED_DEVICE_FAMILY = "1,2";
				TEST_HOST = "$(BUILT_PRODUCTS_DIR)/MVVMAPICalling.app/$(BUNDLE_EXECUTABLE_FOLDER_PATH)/MVVMAPICalling";
			};
			name = Release;
		};
		BD11B9362C1CCEA7007B3FF2 /* Debug */ = {
			isa = XCBuildConfiguration;
			baseConfigurationReference = 9469F11024FC209F165C2BCD /* Pods-MVVMAPICalling-MVVMAPICallingUITests.debug.xcconfig */;
			buildSettings = {
				ALWAYS_EMBED_SWIFT_STANDARD_LIBRARIES = YES;
				CODE_SIGN_STYLE = Automatic;
				CURRENT_PROJECT_VERSION = 1;
				GENERATE_INFOPLIST_FILE = YES;
				MARKETING_VERSION = 1.0;
				PRODUCT_BUNDLE_IDENTIFIER = com.plexustechnology.MVVMAPICallingUITests;
				PRODUCT_NAME = "$(TARGET_NAME)";
				SWIFT_EMIT_LOC_STRINGS = NO;
				SWIFT_VERSION = 5.0;
				TARGETED_DEVICE_FAMILY = "1,2";
				TEST_TARGET_NAME = MVVMAPICalling;
			};
			name = Debug;
		};
		BD11B9372C1CCEA7007B3FF2 /* Release */ = {
			isa = XCBuildConfiguration;
			baseConfigurationReference = EBAB284318A43BF72012C38F /* Pods-MVVMAPICalling-MVVMAPICallingUITests.release.xcconfig */;
			buildSettings = {
				ALWAYS_EMBED_SWIFT_STANDARD_LIBRARIES = YES;
				CODE_SIGN_STYLE = Automatic;
				CURRENT_PROJECT_VERSION = 1;
				GENERATE_INFOPLIST_FILE = YES;
				MARKETING_VERSION = 1.0;
				PRODUCT_BUNDLE_IDENTIFIER = com.plexustechnology.MVVMAPICallingUITests;
				PRODUCT_NAME = "$(TARGET_NAME)";
				SWIFT_EMIT_LOC_STRINGS = NO;
				SWIFT_VERSION = 5.0;
				TARGETED_DEVICE_FAMILY = "1,2";
				TEST_TARGET_NAME = MVVMAPICalling;
			};
			name = Release;
		};
/* End XCBuildConfiguration section */

/* Begin XCConfigurationList section */
		BD11B9002C1CCEA5007B3FF2 /* Build configuration list for PBXProject "MVVMAPICalling" */ = {
			isa = XCConfigurationList;
			buildConfigurations = (
				BD11B92D2C1CCEA7007B3FF2 /* Debug */,
				BD11B92E2C1CCEA7007B3FF2 /* Release */,
			);
			defaultConfigurationIsVisible = 0;
			defaultConfigurationName = Release;
		};
		BD11B92F2C1CCEA7007B3FF2 /* Build configuration list for PBXNativeTarget "MVVMAPICalling" */ = {
			isa = XCConfigurationList;
			buildConfigurations = (
				BD11B9302C1CCEA7007B3FF2 /* Debug */,
				BD11B9312C1CCEA7007B3FF2 /* Release */,
			);
			defaultConfigurationIsVisible = 0;
			defaultConfigurationName = Release;
		};
		BD11B9322C1CCEA7007B3FF2 /* Build configuration list for PBXNativeTarget "MVVMAPICallingTests" */ = {
			isa = XCConfigurationList;
			buildConfigurations = (
				BD11B9332C1CCEA7007B3FF2 /* Debug */,
				BD11B9342C1CCEA7007B3FF2 /* Release */,
			);
			defaultConfigurationIsVisible = 0;
			defaultConfigurationName = Release;
		};
		BD11B9352C1CCEA7007B3FF2 /* Build configuration list for PBXNativeTarget "MVVMAPICallingUITests" */ = {
			isa = XCConfigurationList;
			buildConfigurations = (
				BD11B9362C1CCEA7007B3FF2 /* Debug */,
				BD11B9372C1CCEA7007B3FF2 /* Release */,
			);
			defaultConfigurationIsVisible = 0;
			defaultConfigurationName = Release;
		};
/* End XCConfigurationList section */
	};
	rootObject = BD11B8FD2C1CCEA5007B3FF2 /* Project object */;
}
